
Microsoft Visual Studio Solution File, Format Version 12.00
# Visual Studio Version 16
VisualStudioVersion = 16.0.35026.282
MinimumVisualStudioVersion = 10.0.40219.1
Project("{FAE04EC0-301F-11D3-BF4B-00C04F79EFBC}") = "SpecimenTracking", "SpecimenTracking\SpecimenTracking.csproj", "{7FB88F46-961D-4D18-B1E5-34E35C28EC74}"
EndProject
Global
	GlobalSection(SolutionConfigurationPlatforms) = preSolution
		Debug|Any CPU = Debug|Any CPU
		Release|Any CPU = Release|Any CPU
	EndGlobalSection
	GlobalSection(ProjectConfigurationPlatforms) = postSolution
		{7FB88F46-961D-4D18-B1E5-34E35C28EC74}.Debug|Any CPU.ActiveCfg = Debug|Any CPU
		{7FB88F46-961D-4D18-B1E5-34E35C28EC74}.Debug|Any CPU.Build.0 = Debug|Any CPU
		{7FB88F46-961D-4D18-B1E5-34E35C28EC74}.Release|Any CPU.ActiveCfg = Release|Any CPU
		{7FB88F46-961D-4D18-B1E5-34E35C28EC74}.Release|Any CPU.Build.0 = Release|Any CPU
	EndGlobalSection
	GlobalSection(SolutionProperties) = preSolution
		HideSolutionNode = FALSE
	EndGlobalSection
	GlobalSection(ExtensibilityGlobals) = postSolution
		SolutionGuid = {0E6A94EB-9DB9-4260-982E-7CB78E283BBC}
	EndGlobalSection
EndGlobal
